{
  "nodes": {
    "nixpkgs": {
      "locked": {
        "lastModified": 1691916148,
        "narHash": "sha256-DamxLt6yl1Ic1vCvgKhjObrzqwlV0pJ7334yuC5y3ew=",
        "owner": "NixOS",
        "repo": "nixpkgs",
        "rev": "750fc50bfd132a44972aa15bb21937ae26303bc4",
        "type": "github"
      },
      "original": {
        "id": "nixpkgs",
        "type": "indirect"
      }
    },
    "root": {
      "inputs": {
        "nixpkgs": "nixpkgs"
      }
    }
  },
  "root": "root",
  "version": 7
}
